{
  "name": "docs",
  "lockfileVersion": 3,
  "requires": true,
  "packages": {
    "": {
      "dependencies": {
        "@ihtfw/printadot": "^1.0.3"
      }
    },
    "node_modules/@ihtfw/printadot": {
      "version": "1.0.3",
      "resolved": "https://registry.npmjs.org/@ihtfw/printadot/-/printadot-1.0.3.tgz",
      "integrity": "sha512-pXL6xSGce0TiqFBGvJlNdbiNDNDGDO32ZYNgd3dwZAIyJ++NwEXvDHHUR7hbzG2JYenZgJlJ22+pQHQ7GDf13w=="
    }
  }
}
