{
  "name": "PrintaDot.Blazor",
  "lockfileVersion": 3,
  "requires": true,
  "packages": {
    "": {
      "dependencies": {
        "@ihtfw/printadot": "^1.0.9"
      }
    },
    "node_modules/@ihtfw/printadot": {
      "version": "1.0.9",
      "resolved": "https://registry.npmjs.org/@ihtfw/printadot/-/printadot-1.0.9.tgz",
      "integrity": "sha512-gWIUilguuiIZE7oQGWFDWQiE8LCbAiMh2gczYiHX5a1bSVN3BG8rvxtI99BN1HKzCpPuPIBauQMiAzBVqokoOg=="
    }
  }
}
