{
  "name": "PrintaDot.Blazor",
  "lockfileVersion": 3,
  "requires": true,
  "packages": {
    "": {
      "dependencies": {
        "@ihtfw/printadot": "^1.0.4"
      }
    },
    "node_modules/@ihtfw/printadot": {
      "version": "1.0.4",
      "resolved": "https://registry.npmjs.org/@ihtfw/printadot/-/printadot-1.0.4.tgz",
      "integrity": "sha512-oSl0GYCu03aRXyioHYOpSYO3gwRPTJwrgtD2Dgun/DsAb1YNTCawqCWbITPE3gCChZmYDiBpje+pDD5wbIXEsg=="
    }
  }
}
