{
  "name": "PrintaDot.Blazor",
  "lockfileVersion": 3,
  "requires": true,
  "packages": {
    "": {
      "dependencies": {
        "@ihtfw/printadot": "^1.0.8"
      }
    },
    "node_modules/@ihtfw/printadot": {
      "version": "1.0.8",
      "resolved": "https://registry.npmjs.org/@ihtfw/printadot/-/printadot-1.0.8.tgz",
      "integrity": "sha512-POlAl5fdsYKB0kqwEhDbCWH9zZ/Gl91D61jhnfTGM0MQZF9gTYKgTjKeC6t4or4D29ItOixhlsYgBUgzmr34zQ=="
    }
  }
}
